
Microsoft Visual Studio Solution File, Format Version 12.00
# Visual Studio Version 16
VisualStudioVersion = 16.0.31410.357
MinimumVisualStudioVersion = 10.0.40219.1
Project("{FAE04EC0-301F-11D3-BF4B-00C04F79EFBC}") = "PKAD REGISTRATION ANOMOLY REPORT", "PKAD REGISTRATION ANOMOLY REPORT\PKAD REGISTRATION ANOMOLY REPORT.csproj", "{39F96D78-B491-491E-8C36-FDD431C0B278}"
EndProject
Global
	GlobalSection(SolutionConfigurationPlatforms) = preSolution
		Debug|Any CPU = Debug|Any CPU
		Release|Any CPU = Release|Any CPU
	EndGlobalSection
	GlobalSection(ProjectConfigurationPlatforms) = postSolution
		{39F96D78-B491-491E-8C36-FDD431C0B278}.Debug|Any CPU.ActiveCfg = Debug|Any CPU
		{39F96D78-B491-491E-8C36-FDD431C0B278}.Debug|Any CPU.Build.0 = Debug|Any CPU
		{39F96D78-B491-491E-8C36-FDD431C0B278}.Release|Any CPU.ActiveCfg = Release|Any CPU
		{39F96D78-B491-491E-8C36-FDD431C0B278}.Release|Any CPU.Build.0 = Release|Any CPU
	EndGlobalSection
	GlobalSection(SolutionProperties) = preSolution
		HideSolutionNode = FALSE
	EndGlobalSection
	GlobalSection(ExtensibilityGlobals) = postSolution
		SolutionGuid = {71970BF1-896D-4A28-9091-19B0A41F7A4C}
	EndGlobalSection
EndGlobal
